
Microsoft Visual Studio Solution File, Format Version 12.00
# Visual Studio Version 17
VisualStudioVersion = 17.4.33205.214
MinimumVisualStudioVersion = 10.0.40219.1
Project("{9A19103F-16F7-4668-BE54-9A1E7A4F7556}") = "GuAPI", "GuAPI\GuAPI.csproj", "{5E19AB63-0AB6-4C75-BFD9-C3215C34F2C3}"
EndProject
Project("{FAE04EC0-301F-11D3-BF4B-00C04F79EFBC}") = "GuClient", "GuClient\GuClient.csproj", "{FA3B29D2-DF1A-4F01-AE39-F9B81EC2D789}"
EndProject
Global
	GlobalSection(SolutionConfigurationPlatforms) = preSolution
		Debug|Any CPU = Debug|Any CPU
		Release|Any CPU = Release|Any CPU
	EndGlobalSection
	GlobalSection(ProjectConfigurationPlatforms) = postSolution
		{5E19AB63-0AB6-4C75-BFD9-C3215C34F2C3}.Debug|Any CPU.ActiveCfg = Debug|Any CPU
		{5E19AB63-0AB6-4C75-BFD9-C3215C34F2C3}.Debug|Any CPU.Build.0 = Debug|Any CPU
		{5E19AB63-0AB6-4C75-BFD9-C3215C34F2C3}.Release|Any CPU.ActiveCfg = Release|Any CPU
		{5E19AB63-0AB6-4C75-BFD9-C3215C34F2C3}.Release|Any CPU.Build.0 = Release|Any CPU
		{FA3B29D2-DF1A-4F01-AE39-F9B81EC2D789}.Debug|Any CPU.ActiveCfg = Debug|Any CPU
		{FA3B29D2-DF1A-4F01-AE39-F9B81EC2D789}.Debug|Any CPU.Build.0 = Debug|Any CPU
		{FA3B29D2-DF1A-4F01-AE39-F9B81EC2D789}.Release|Any CPU.ActiveCfg = Release|Any CPU
		{FA3B29D2-DF1A-4F01-AE39-F9B81EC2D789}.Release|Any CPU.Build.0 = Release|Any CPU
	EndGlobalSection
	GlobalSection(SolutionProperties) = preSolution
		HideSolutionNode = FALSE
	EndGlobalSection
	GlobalSection(ExtensibilityGlobals) = postSolution
		SolutionGuid = {CBA9E817-22A1-47B6-9AA2-374A71B9E603}
	EndGlobalSection
EndGlobal
